<?xml version="1.0" encoding="utf-8"?>
<Project ToolsVersion="4.0" xmlns="http://schemas.microsoft.com/developer/msbuild/2003">
  <ItemGroup>
    <Filter Include="소스 파일">
      <UniqueIdentifier>{4FC737F1-C7A5-4376-A066-2A32D752A2FF}</UniqueIdentifier>
      <Extensions>cpp;c;cc;cxx;c++;cppm;ixx;def;odl;idl;hpj;bat;asm;asmx</Extensions>
    </Filter>
    <Filter Include="헤더 파일">
      <UniqueIdentifier>{93995380-89BD-4b04-88EB-625FBE52EBFB}</UniqueIdentifier>
      <Extensions>h;hh;hpp;hxx;h++;hm;inl;inc;ipp;xsd</Extensions>
    </Filter>
    <Filter Include="리소스 파일">
      <UniqueIdentifier>{67DA6AB6-F800-4c08-8B7A-83BB121AAD01}</UniqueIdentifier>
      <Extensions>rc;ico;cur;bmp;dlg;rc2;rct;bin;rgs;gif;jpg;jpeg;jpe;resx;tiff;tif;png;wav;mfcribbon-ms</Extensions>
    </Filter>
    <Filter Include="소스 파일\UI">
      <UniqueIdentifier>{d4489d82-7760-4f29-81cb-684648662a90}</UniqueIdentifier>
    </Filter>
    <Filter Include="헤더 파일\UI">
      <UniqueIdentifier>{512a4c04-0e21-41dd-9808-c86a868a1e20}</UniqueIdentifier>
    </Filter>
    <Filter Include="소스 파일\OBSTACLES">
      <UniqueIdentifier>{250e5c85-fd76-4a8f-91d8-00d275641636}</UniqueIdentifier>
    </Filter>
    <Filter Include="리소스 파일\Obstacles">
      <UniqueIdentifier>{886fa020-375c-430c-9fa8-89c9e8a5e0a0}</UniqueIdentifier>
    </Filter>
    <Filter Include="헤더 파일\Obstacles">
      <UniqueIdentifier>{63ae5a7e-8055-4352-be32-eedc2f53bcaa}</UniqueIdentifier>
    </Filter>
    <Filter Include="리소스 파일\Jetpack">
      <UniqueIdentifier>{c23a6f85-7222-4a24-a337-e8b0b547981a}</UniqueIdentifier>
    </Filter>
    <Filter Include="리소스 파일\UI">
      <UniqueIdentifier>{0eddeb4e-60da-4781-b657-c7b68d0c6171}</UniqueIdentifier>
    </Filter>
    <Filter Include="리소스 파일\Background">
      <UniqueIdentifier>{c384beaf-23c5-4aaf-9f7b-eb53b7cc3df0}</UniqueIdentifier>
    </Filter>
    <Filter Include="리소스 파일\character">
      <UniqueIdentifier>{c96dcec2-5d22-472a-bb58-1c44e28ad666}</UniqueIdentifier>
    </Filter>
    <Filter Include="리소스 파일\character\Cat">
      <UniqueIdentifier>{fffdad2f-e821-4db0-b389-915b8b4df0d6}</UniqueIdentifier>
    </Filter>
    <Filter Include="리소스 파일\character\Bunny">
      <UniqueIdentifier>{3de54b7a-f636-4747-b70e-0ef7c1a10bfc}</UniqueIdentifier>
    </Filter>
    <Filter Include="리소스 파일\character\Penguin">
      <UniqueIdentifier>{4b542512-e161-4284-923f-86e160effceb}</UniqueIdentifier>
    </Filter>
    <Filter Include="리소스 파일\character\Panda">
      <UniqueIdentifier>{846ef335-06f8-4c3b-bb3f-f53084b1ff0d}</UniqueIdentifier>
    </Filter>
  </ItemGroup>
  <ItemGroup>
    <ClCompile Include="Main.cpp">
      <Filter>소스 파일</Filter>
    </ClCompile>
    <ClCompile Include="PlayerCon.cpp">
      <Filter>소스 파일</Filter>
    </ClCompile>
    <ClCompile Include="BackGround.cpp">
      <Filter>소스 파일</Filter>
    </ClCompile>
    <ClCompile Include="IngameUI.cpp">
      <Filter>소스 파일\UI</Filter>
    </ClCompile>
    <ClCompile Include="Obstacles.h">
      <Filter>헤더 파일\Obstacles</Filter>
    </ClCompile>
  </ItemGroup>
  <ItemGroup>
    <ClInclude Include="Player.h">
      <Filter>헤더 파일</Filter>
    </ClInclude>
    <ClInclude Include="BackGround.h">
      <Filter>헤더 파일</Filter>
    </ClInclude>
    <ClInclude Include="resource.h">
      <Filter>헤더 파일</Filter>
    </ClInclude>
    <ClInclude Include="IngameUI.h">
      <Filter>헤더 파일\UI</Filter>
    </ClInclude>
    <ClInclude Include="OBS_LeftRight.cpp">
      <Filter>소스 파일\OBSTACLES</Filter>
    </ClInclude>
    <ClInclude Include="OBS_FollowPlayer.cpp">
      <Filter>소스 파일\OBSTACLES</Filter>
    </ClInclude>
    <ClInclude Include="OBS_Path.cpp">
      <Filter>소스 파일\OBSTACLES</Filter>
    </ClInclude>
    <ClInclude Include="ObstacleManager.h">
      <Filter>헤더 파일\Obstacles</Filter>
    </ClInclude>
    <ClInclude Include="OBS_Random.h">
      <Filter>헤더 파일\Obstacles</Filter>
    </ClInclude>
    <ClInclude Include="OBS_Path.h">
      <Filter>헤더 파일\Obstacles</Filter>
    </ClInclude>
  </ItemGroup>
  <ItemGroup>
    <ResourceCompile Include="Resource.rc">
      <Filter>리소스 파일</Filter>
    </ResourceCompile>
  </ItemGroup>
  <ItemGroup>
    <Image Include="Resources\cloud1.bmp">
      <Filter>리소스 파일\Obstacles</Filter>
    </Image>
    <Image Include="Resources\cloud11.bmp">
      <Filter>리소스 파일\Obstacles</Filter>
    </Image>
    <Image Include="Resources\cloud22.bmp">
      <Filter>리소스 파일\Obstacles</Filter>
    </Image>
    <Image Include="Resources\cat\Idle_1.bmp">
      <Filter>리소스 파일\character\Cat</Filter>
    </Image>
    <Image Include="Resources\cat\Idle_2.bmp">
      <Filter>리소스 파일\character\Cat</Filter>
    </Image>
    <Image Include="Resources\cat\Idle_3.bmp">
      <Filter>리소스 파일\character\Cat</Filter>
    </Image>
    <Image Include="Resources\cat\Idle_4.bmp">
      <Filter>리소스 파일\character\Cat</Filter>
    </Image>
    <Image Include="Resources\cat\Idle_5.bmp">
      <Filter>리소스 파일\character\Cat</Filter>
    </Image>
    <Image Include="Resources\cat\Idle_6.bmp">
      <Filter>리소스 파일\character\Cat</Filter>
    </Image>
    <Image Include="Resources\cat\Idle_7.bmp">
      <Filter>리소스 파일\character\Cat</Filter>
    </Image>
    <Image Include="Resources\cat\Idle_8.bmp">
      <Filter>리소스 파일\character\Cat</Filter>
    </Image>
    <Image Include="Resources\cat\Idle_9.bmp">
      <Filter>리소스 파일\character\Cat</Filter>
    </Image>
    <Image Include="Resources\cat\Idle_10.bmp">
      <Filter>리소스 파일\character\Cat</Filter>
    </Image>
    <Image Include="Resources\panda\PandaWave_1.bmp">
      <Filter>리소스 파일\character\Panda</Filter>
    </Image>
    <Image Include="Resources\panda\PandaWave_2.bmp">
      <Filter>리소스 파일\character\Panda</Filter>
    </Image>
    <Image Include="Resources\panda\PandaWave_3.bmp">
      <Filter>리소스 파일\character\Panda</Filter>
    </Image>
    <Image Include="Resources\panda\PandaWave_4.bmp">
      <Filter>리소스 파일\character\Panda</Filter>
    </Image>
    <Image Include="Resources\panda\PandaWave_5.bmp">
      <Filter>리소스 파일\character\Panda</Filter>
    </Image>
    <Image Include="Resources\panda\PandaWave_6.bmp">
      <Filter>리소스 파일\character\Panda</Filter>
    </Image>
    <Image Include="Resources\panda\PandaWave_7.bmp">
      <Filter>리소스 파일\character\Panda</Filter>
    </Image>
    <Image Include="Resources\panda\PandaWave_8.bmp">
      <Filter>리소스 파일\character\Panda</Filter>
    </Image>
    <Image Include="Resources\panda\PandaWave_9.bmp">
      <Filter>리소스 파일\character\Panda</Filter>
    </Image>
    <Image Include="Resources\panda\PandaWave_10.bmp">
      <Filter>리소스 파일\character\Panda</Filter>
    </Image>
    <Image Include="Resources\panda\PandaWave_11.bmp">
      <Filter>리소스 파일\character\Panda</Filter>
    </Image>
    <Image Include="Resources\panda\PandaWave_12.bmp">
      <Filter>리소스 파일\character\Panda</Filter>
    </Image>
    <Image Include="Resources\jetpack\rocket4.bmp">
      <Filter>리소스 파일\Jetpack</Filter>
    </Image>
    <Image Include="Resources\jetpack\rocket5.bmp">
      <Filter>리소스 파일\Jetpack</Filter>
    </Image>
    <Image Include="Resources\jetpack\rocket6.bmp">
      <Filter>리소스 파일\Jetpack</Filter>
    </Image>
    <Image Include="Resources\설정1.bmp">
      <Filter>리소스 파일\UI</Filter>
    </Image>
    <Image Include="Resources\구름통로1.bmp">
      <Filter>리소스 파일\Obstacles</Filter>
    </Image>
    <Image Include="Resources\BackGround.bmp">
      <Filter>리소스 파일\Background</Filter>
    </Image>
    <Image Include="Resources\jetpack\rocket2Left.bmp">
      <Filter>리소스 파일\Jetpack</Filter>
    </Image>
    <Image Include="Resources\jetpack\rocket2Right.bmp">
      <Filter>리소스 파일\Jetpack</Filter>
    </Image>
    <Image Include="Resources\jetpack\rocket3Left.bmp">
      <Filter>리소스 파일\Jetpack</Filter>
    </Image>
    <Image Include="Resources\jetpack\rocket3Right.bmp">
      <Filter>리소스 파일\Jetpack</Filter>
    </Image>
    <Image Include="Resources\jetpack\rocket4Left.bmp">
      <Filter>리소스 파일\Jetpack</Filter>
    </Image>
    <Image Include="Resources\jetpack\rocket4Right.bmp">
      <Filter>리소스 파일\Jetpack</Filter>
    </Image>
    <Image Include="Resources\jetpack\rocket5Left.bmp">
      <Filter>리소스 파일\Jetpack</Filter>
    </Image>
    <Image Include="Resources\jetpack\rocket5Right.bmp">
      <Filter>리소스 파일\Jetpack</Filter>
    </Image>
    <Image Include="Resources\jetpack\rocket6Left.bmp">
      <Filter>리소스 파일\Jetpack</Filter>
    </Image>
    <Image Include="Resources\jetpack\rocket6Right.bmp">
      <Filter>리소스 파일\Jetpack</Filter>
    </Image>
    <Image Include="Resources\obstacle\구름1.bmp">
      <Filter>리소스 파일\Obstacles</Filter>
    </Image>
    <Image Include="Resources\obstacle\구름2.bmp">
      <Filter>리소스 파일\Obstacles</Filter>
    </Image>
    <Image Include="Resources\obstacle\구름3.bmp">
      <Filter>리소스 파일\Obstacles</Filter>
    </Image>
    <Image Include="Resources\obstacle\구름4.bmp">
      <Filter>리소스 파일\Obstacles</Filter>
    </Image>
    <Image Include="Resources\obstacle\구름통로2.bmp">
      <Filter>리소스 파일\Obstacles</Filter>
    </Image>
    <Image Include="Resources\obstacle\구름통로3.bmp">
      <Filter>리소스 파일\Obstacles</Filter>
    </Image>
    <Image Include="Resources\obstacle\구름통로4.bmp">
      <Filter>리소스 파일\Obstacles</Filter>
    </Image>
    <Image Include="Resources\jetpack\rocket1.bmp">
      <Filter>리소스 파일\Jetpack</Filter>
    </Image>
    <Image Include="Resources\jetpack\rocket2.bmp">
      <Filter>리소스 파일\Jetpack</Filter>
    </Image>
    <Image Include="Resources\jetpack\rocket3.bmp">
      <Filter>리소스 파일\Jetpack</Filter>
    </Image>
    <Image Include="Resources\bunny\bunny_01.bmp">
      <Filter>리소스 파일\character\Bunny</Filter>
    </Image>
    <Image Include="Resources\bunny\bunny_02.bmp">
      <Filter>리소스 파일\character\Bunny</Filter>
    </Image>
    <Image Include="Resources\bunny\bunny_03.bmp">
      <Filter>리소스 파일\character\Bunny</Filter>
    </Image>
    <Image Include="Resources\bunny\bunny_04.bmp">
      <Filter>리소스 파일\character\Bunny</Filter>
    </Image>
    <Image Include="Resources\bunny\bunny_05.bmp">
      <Filter>리소스 파일\character\Bunny</Filter>
    </Image>
    <Image Include="Resources\bunny\bunny_06.bmp">
      <Filter>리소스 파일\character\Bunny</Filter>
    </Image>
    <Image Include="Resources\bunny\bunny_07.bmp">
      <Filter>리소스 파일\character\Bunny</Filter>
    </Image>
    <Image Include="Resources\bunny\bunny_08.bmp">
      <Filter>리소스 파일\character\Bunny</Filter>
    </Image>
    <Image Include="Resources\bunny\bunny_09.bmp">
      <Filter>리소스 파일\character\Bunny</Filter>
    </Image>
    <Image Include="Resources\bunny\bunny_10.bmp">
      <Filter>리소스 파일\character\Bunny</Filter>
    </Image>
    <Image Include="Resources\Penguin\penguin_01.bmp">
      <Filter>리소스 파일\character\Penguin</Filter>
    </Image>
    <Image Include="Resources\Penguin\penguin_02.bmp">
      <Filter>리소스 파일\character\Penguin</Filter>
    </Image>
    <Image Include="Resources\Penguin\penguin_03.bmp">
      <Filter>리소스 파일\character\Penguin</Filter>
    </Image>
    <Image Include="Resources\Penguin\penguin_04.bmp">
      <Filter>리소스 파일\character\Penguin</Filter>
    </Image>
    <Image Include="Resources\Penguin\penguin_05.bmp">
      <Filter>리소스 파일\character\Penguin</Filter>
    </Image>
    <Image Include="Resources\Penguin\penguin_06.bmp">
      <Filter>리소스 파일\character\Penguin</Filter>
    </Image>
    <Image Include="Resources\Penguin\penguin_07.bmp">
      <Filter>리소스 파일\character\Penguin</Filter>
    </Image>
    <Image Include="Resources\Penguin\penguin_08.bmp">
      <Filter>리소스 파일\character\Penguin</Filter>
    </Image>
    <Image Include="Resources\UI\설정1.bmp">
      <Filter>리소스 파일\UI</Filter>
    </Image>
    <Image Include="Resources\UI\설정2.bmp">
      <Filter>리소스 파일\UI</Filter>
    </Image>
    <Image Include="Resources\obstacle\구름통로1.bmp">
      <Filter>리소스 파일\Obstacles</Filter>
    </Image>
    <Image Include="Resources\TestImage_AiGenerated.bmp">
      <Filter>리소스 파일\character</Filter>
    </Image>
    <Image Include="Resources\Bird\bird_01.bmp">
      <Filter>리소스 파일\Obstacles</Filter>
    </Image>
    <Image Include="Resources\Bird\bird_02.bmp">
      <Filter>리소스 파일\Obstacles</Filter>
    </Image>
    <Image Include="Resources\Bird\bird_03.bmp">
      <Filter>리소스 파일\Obstacles</Filter>
    </Image>
    <Image Include="Resources\Bird\bird_04.bmp">
      <Filter>리소스 파일\Obstacles</Filter>
    </Image>
    <Image Include="Resources\Bird\bird_05.bmp">
      <Filter>리소스 파일\Obstacles</Filter>
    </Image>
    <Image Include="Resources\Bird\bird_06.bmp">
      <Filter>리소스 파일\Obstacles</Filter>
    </Image>
    <Image Include="Resources\Bird\bird_07.bmp">
      <Filter>리소스 파일\Obstacles</Filter>
    </Image>
    <Image Include="Resources\Bird\bird_08.bmp">
      <Filter>리소스 파일\Obstacles</Filter>
    </Image>
    <Image Include="Resources\Bird\bird_09.bmp">
      <Filter>리소스 파일\Obstacles</Filter>
    </Image>
    <Image Include="Resources\Bird\bird_10.bmp">
      <Filter>리소스 파일\Obstacles</Filter>
    </Image>
    <Image Include="Resources\Bird\bird_11.bmp">
      <Filter>리소스 파일\Obstacles</Filter>
    </Image>
    <Image Include="Resources\Bird\bird_12.bmp">
      <Filter>리소스 파일\Obstacles</Filter>
    </Image>
    <Image Include="Resources\Bird\bird_13.bmp">
      <Filter>리소스 파일\Obstacles</Filter>
    </Image>
    <Image Include="Resources\Bird\bird_14.bmp">
      <Filter>리소스 파일\Obstacles</Filter>
    </Image>
    <Image Include="Resources\Bird\bird_15.bmp">
      <Filter>리소스 파일\Obstacles</Filter>
    </Image>
    <Image Include="Resources\Bird\bird_16.bmp">
      <Filter>리소스 파일\Obstacles</Filter>
    </Image>
  </ItemGroup>
</Project>